{
  "name": "ngx-file-input",
  "version": "0.0.1",
  "lockfileVersion": 1,
  "requires": true,
  "dependencies": {
    "@types/filesize-parser": {
      "version": "1.5.0",
      "resolved": "https://registry.npmjs.org/@types/filesize-parser/-/filesize-parser-1.5.0.tgz",
      "integrity": "sha512-stFet/86Fo0OYeFLpZzmizITQljuDNt1oaNsKQFFLpfLUBAIcwLWC3KwvNmCSrLgfA2SghB86oO/zyFkYE6+rQ=="
    },
    "filesize-parser": {
      "version": "1.5.0",
      "resolved": "https://registry.npmjs.org/filesize-parser/-/filesize-parser-1.5.0.tgz",
      "integrity": "sha512-UTDpJB22VvozK7t31slU9WCAPSdcUWuwD7P7S6LBXswdgzUz+YhoziLOohknFcx0Kq5LWCAj4MEKY9q3zGq47Q=="
    },
    "tslib": {
      "version": "2.2.0",
      "resolved": "https://registry.npmjs.org/tslib/-/tslib-2.2.0.tgz",
      "integrity": "sha512-gS9GVHRU+RGn5KQM2rllAlR3dU6m7AcpJKdtH8gFvQiC4Otgk98XnmMU+nZenHt/+VhnBPWwgrJsyrdcw6i23w=="
    }
  }
}
